
Microsoft Visual Studio Solution File, Format Version 12.00
# Visual Studio Version 16
VisualStudioVersion = 16.0.30002.166
MinimumVisualStudioVersion = 10.0.40219.1
Project("{FAE04EC0-301F-11D3-BF4B-00C04F79EFBC}") = "EnumSample", "EnumSample.csproj", "{52E8152D-9078-4074-9015-ECFAB8367E1C}"
EndProject
Global
	GlobalSection(SolutionConfigurationPlatforms) = preSolution
		Debug|Any CPU = Debug|Any CPU
		Release|Any CPU = Release|Any CPU
	EndGlobalSection
	GlobalSection(ProjectConfigurationPlatforms) = postSolution
		{52E8152D-9078-4074-9015-ECFAB8367E1C}.Debug|Any CPU.ActiveCfg = Debug|Any CPU
		{52E8152D-9078-4074-9015-ECFAB8367E1C}.Debug|Any CPU.Build.0 = Debug|Any CPU
		{52E8152D-9078-4074-9015-ECFAB8367E1C}.Release|Any CPU.ActiveCfg = Release|Any CPU
		{52E8152D-9078-4074-9015-ECFAB8367E1C}.Release|Any CPU.Build.0 = Release|Any CPU
	EndGlobalSection
	GlobalSection(SolutionProperties) = preSolution
		HideSolutionNode = FALSE
	EndGlobalSection
	GlobalSection(ExtensibilityGlobals) = postSolution
		SolutionGuid = {6C6DD798-8F5C-4B4B-B881-B279BA06F2C8}
	EndGlobalSection
EndGlobal
